// !$*UTF8*$!
{
	archiveVersion = 1;
	classes = {
	};
	objectVersion = 51;
	objects = {

/* Begin PBXBuildFile section */
		77C167044C390B48E2D94F26 /* Pods_ApiBeerCleanSwift.framework in Frameworks */ = {isa = PBXBuildFile; fileRef = CFD1542166FF4A0BE50AC86A /* Pods_ApiBeerCleanSwift.framework */; };
		A7F7CB88C051634B4E5C84E3 /* (null) in Frameworks */ = {isa = PBXBuildFile; };
		E3B2C06D1D89680903E29599 /* Pods_ApiBeerCleanSwift_ApiBeerCleanSwiftTests.framework in Frameworks */ = {isa = PBXBuildFile; fileRef = FA925B1BA00607B09139F65C /* Pods_ApiBeerCleanSwift_ApiBeerCleanSwiftTests.framework */; };
		EA32402F24622F4600FC4F27 /* ApiBeerCleanSwiftTests.swift in Sources */ = {isa = PBXBuildFile; fileRef = EA32402E24622F4600FC4F27 /* ApiBeerCleanSwiftTests.swift */; };
		EA4825B02461B1890015CBDC /* AppDelegate.swift in Sources */ = {isa = PBXBuildFile; fileRef = EA4825AF2461B1890015CBDC /* AppDelegate.swift */; };
		EA4825B52461B1890015CBDC /* Main.storyboard in Resources */ = {isa = PBXBuildFile; fileRef = EA4825B32461B1890015CBDC /* Main.storyboard */; };
		EA4825B82461B1890015CBDC /* ApiBeerCleanSwift.xcdatamodeld in Sources */ = {isa = PBXBuildFile; fileRef = EA4825B62461B1890015CBDC /* ApiBeerCleanSwift.xcdatamodeld */; };
		EA4825BA2461B18C0015CBDC /* Assets.xcassets in Resources */ = {isa = PBXBuildFile; fileRef = EA4825B92461B18C0015CBDC /* Assets.xcassets */; };
		EA4825BD2461B18C0015CBDC /* LaunchScreen.storyboard in Resources */ = {isa = PBXBuildFile; fileRef = EA4825BB2461B18C0015CBDC /* LaunchScreen.storyboard */; };
		EA4825C62461B26E0015CBDC /* Helpers.swift in Sources */ = {isa = PBXBuildFile; fileRef = EA4825C52461B26E0015CBDC /* Helpers.swift */; };
		EA4825C82461B2880015CBDC /* Constants.swift in Sources */ = {isa = PBXBuildFile; fileRef = EA4825C72461B2880015CBDC /* Constants.swift */; };
		EA4825CF2461B3A80015CBDC /* MainBeerPresenter.swift in Sources */ = {isa = PBXBuildFile; fileRef = EA4825C92461B3A80015CBDC /* MainBeerPresenter.swift */; };
		EA4825D02461B3A80015CBDC /* MainBeerWorker.swift in Sources */ = {isa = PBXBuildFile; fileRef = EA4825CA2461B3A80015CBDC /* MainBeerWorker.swift */; };
		EA4825D12461B3A80015CBDC /* MainBeerRouter.swift in Sources */ = {isa = PBXBuildFile; fileRef = EA4825CB2461B3A80015CBDC /* MainBeerRouter.swift */; };
		EA4825D22461B3A80015CBDC /* MainBeerModels.swift in Sources */ = {isa = PBXBuildFile; fileRef = EA4825CC2461B3A80015CBDC /* MainBeerModels.swift */; };
		EA4825D32461B3A80015CBDC /* MainBeerViewController.swift in Sources */ = {isa = PBXBuildFile; fileRef = EA4825CD2461B3A80015CBDC /* MainBeerViewController.swift */; };
		EA4825D42461B3A80015CBDC /* MainBeerInteractor.swift in Sources */ = {isa = PBXBuildFile; fileRef = EA4825CE2461B3A80015CBDC /* MainBeerInteractor.swift */; };
		EA4825DE2461B4800015CBDC /* BeerDetailPresenter.swift in Sources */ = {isa = PBXBuildFile; fileRef = EA4825D82461B4800015CBDC /* BeerDetailPresenter.swift */; };
		EA4825DF2461B4800015CBDC /* BeerDetailWorker.swift in Sources */ = {isa = PBXBuildFile; fileRef = EA4825D92461B4800015CBDC /* BeerDetailWorker.swift */; };
		EA4825E02461B4800015CBDC /* BeerDetailRouter.swift in Sources */ = {isa = PBXBuildFile; fileRef = EA4825DA2461B4800015CBDC /* BeerDetailRouter.swift */; };
		EA4825E12461B4800015CBDC /* BeerDetailModels.swift in Sources */ = {isa = PBXBuildFile; fileRef = EA4825DB2461B4800015CBDC /* BeerDetailModels.swift */; };
		EA4825E22461B4800015CBDC /* BeerDetailViewController.swift in Sources */ = {isa = PBXBuildFile; fileRef = EA4825DC2461B4800015CBDC /* BeerDetailViewController.swift */; };
		EA4825E32461B4800015CBDC /* BeerDetailInteractor.swift in Sources */ = {isa = PBXBuildFile; fileRef = EA4825DD2461B4800015CBDC /* BeerDetailInteractor.swift */; };
		EA4825E92461B5000015CBDC /* BeerTableViewCell.swift in Sources */ = {isa = PBXBuildFile; fileRef = EA4825E72461B5000015CBDC /* BeerTableViewCell.swift */; };
		EA4825EA2461B5000015CBDC /* BeerTableViewCell.xib in Resources */ = {isa = PBXBuildFile; fileRef = EA4825E82461B5000015CBDC /* BeerTableViewCell.xib */; };
		EA6B93CE246334B10021FAA5 /* MainBeerPresenterTests.swift in Sources */ = {isa = PBXBuildFile; fileRef = EA6B93CD246334B10021FAA5 /* MainBeerPresenterTests.swift */; };
		EA6B93D0246337C40021FAA5 /* MainBeerViewControllerTests.swift in Sources */ = {isa = PBXBuildFile; fileRef = EA6B93CF246337C40021FAA5 /* MainBeerViewControllerTests.swift */; };
/* End PBXBuildFile section */

/* Begin PBXContainerItemProxy section */
		EA32403124622F4600FC4F27 /* PBXContainerItemProxy */ = {
			isa = PBXContainerItemProxy;
			containerPortal = EA4825A42461B1890015CBDC /* Project object */;
			proxyType = 1;
			remoteGlobalIDString = EA4825AB2461B1890015CBDC;
			remoteInfo = ApiBeerCleanSwift;
		};
/* End PBXContainerItemProxy section */

/* Begin PBXCopyFilesBuildPhase section */
		EA08A0F62462FD8A009093BF /* CopyFiles */ = {
			isa = PBXCopyFilesBuildPhase;
			buildActionMask = 2147483647;
			dstPath = "";
			dstSubfolderSpec = 7;
			files = (
			);
			runOnlyForDeploymentPostprocessing = 0;
		};
/* End PBXCopyFilesBuildPhase section */

/* Begin PBXFileReference section */
		1771A0A6DA06CAFC30156B52 /* Pods-ApiBeerCleanSwift-ApiBeerCleanSwiftTests.release.xcconfig */ = {isa = PBXFileReference; includeInIndex = 1; lastKnownFileType = text.xcconfig; name = "Pods-ApiBeerCleanSwift-ApiBeerCleanSwiftTests.release.xcconfig"; path = "Target Support Files/Pods-ApiBeerCleanSwift-ApiBeerCleanSwiftTests/Pods-ApiBeerCleanSwift-ApiBeerCleanSwiftTests.release.xcconfig"; sourceTree = "<group>"; };
		6B6499F214C79961073941AB /* Pods-ApiBeerCleanSwift.debug.xcconfig */ = {isa = PBXFileReference; includeInIndex = 1; lastKnownFileType = text.xcconfig; name = "Pods-ApiBeerCleanSwift.debug.xcconfig"; path = "Target Support Files/Pods-ApiBeerCleanSwift/Pods-ApiBeerCleanSwift.debug.xcconfig"; sourceTree = "<group>"; };
		79FA619E27D8D33632572A7A /* Pods-ApiBeerCleanSwift-ApiBeerCleanSwiftTests.debug.xcconfig */ = {isa = PBXFileReference; includeInIndex = 1; lastKnownFileType = text.xcconfig; name = "Pods-ApiBeerCleanSwift-ApiBeerCleanSwiftTests.debug.xcconfig"; path = "Target Support Files/Pods-ApiBeerCleanSwift-ApiBeerCleanSwiftTests/Pods-ApiBeerCleanSwift-ApiBeerCleanSwiftTests.debug.xcconfig"; sourceTree = "<group>"; };
		CAD4B952A109FA1108498AE2 /* Pods-ApiBeerCleanSwift.release.xcconfig */ = {isa = PBXFileReference; includeInIndex = 1; lastKnownFileType = text.xcconfig; name = "Pods-ApiBeerCleanSwift.release.xcconfig"; path = "Target Support Files/Pods-ApiBeerCleanSwift/Pods-ApiBeerCleanSwift.release.xcconfig"; sourceTree = "<group>"; };
		CFD1542166FF4A0BE50AC86A /* Pods_ApiBeerCleanSwift.framework */ = {isa = PBXFileReference; explicitFileType = wrapper.framework; includeInIndex = 0; path = Pods_ApiBeerCleanSwift.framework; sourceTree = BUILT_PRODUCTS_DIR; };
		EA32402C24622F4600FC4F27 /* ApiBeerCleanSwiftTests.xctest */ = {isa = PBXFileReference; explicitFileType = wrapper.cfbundle; includeInIndex = 0; path = ApiBeerCleanSwiftTests.xctest; sourceTree = BUILT_PRODUCTS_DIR; };
		EA32402E24622F4600FC4F27 /* ApiBeerCleanSwiftTests.swift */ = {isa = PBXFileReference; lastKnownFileType = sourcecode.swift; path = ApiBeerCleanSwiftTests.swift; sourceTree = "<group>"; };
		EA32403024622F4600FC4F27 /* Info.plist */ = {isa = PBXFileReference; lastKnownFileType = text.plist.xml; path = Info.plist; sourceTree = "<group>"; };
		EA4825AC2461B1890015CBDC /* ApiBeerCleanSwift.app */ = {isa = PBXFileReference; explicitFileType = wrapper.application; includeInIndex = 0; path = ApiBeerCleanSwift.app; sourceTree = BUILT_PRODUCTS_DIR; };
		EA4825AF2461B1890015CBDC /* AppDelegate.swift */ = {isa = PBXFileReference; lastKnownFileType = sourcecode.swift; path = AppDelegate.swift; sourceTree = "<group>"; };
		EA4825B42461B1890015CBDC /* Base */ = {isa = PBXFileReference; lastKnownFileType = file.storyboard; name = Base; path = Base.lproj/Main.storyboard; sourceTree = "<group>"; };
		EA4825B72461B1890015CBDC /* ApiBeerCleanSwift.xcdatamodel */ = {isa = PBXFileReference; lastKnownFileType = wrapper.xcdatamodel; path = ApiBeerCleanSwift.xcdatamodel; sourceTree = "<group>"; };
		EA4825B92461B18C0015CBDC /* Assets.xcassets */ = {isa = PBXFileReference; lastKnownFileType = folder.assetcatalog; path = Assets.xcassets; sourceTree = "<group>"; };
		EA4825BC2461B18C0015CBDC /* Base */ = {isa = PBXFileReference; lastKnownFileType = file.storyboard; name = Base; path = Base.lproj/LaunchScreen.storyboard; sourceTree = "<group>"; };
		EA4825BE2461B18C0015CBDC /* Info.plist */ = {isa = PBXFileReference; lastKnownFileType = text.plist.xml; path = Info.plist; sourceTree = "<group>"; };
		EA4825C52461B26E0015CBDC /* Helpers.swift */ = {isa = PBXFileReference; lastKnownFileType = sourcecode.swift; path = Helpers.swift; sourceTree = "<group>"; };
		EA4825C72461B2880015CBDC /* Constants.swift */ = {isa = PBXFileReference; lastKnownFileType = sourcecode.swift; path = Constants.swift; sourceTree = "<group>"; };
		EA4825C92461B3A80015CBDC /* MainBeerPresenter.swift */ = {isa = PBXFileReference; lastKnownFileType = sourcecode.swift; path = MainBeerPresenter.swift; sourceTree = "<group>"; };
		EA4825CA2461B3A80015CBDC /* MainBeerWorker.swift */ = {isa = PBXFileReference; lastKnownFileType = sourcecode.swift; path = MainBeerWorker.swift; sourceTree = "<group>"; };
		EA4825CB2461B3A80015CBDC /* MainBeerRouter.swift */ = {isa = PBXFileReference; lastKnownFileType = sourcecode.swift; path = MainBeerRouter.swift; sourceTree = "<group>"; };
		EA4825CC2461B3A80015CBDC /* MainBeerModels.swift */ = {isa = PBXFileReference; lastKnownFileType = sourcecode.swift; path = MainBeerModels.swift; sourceTree = "<group>"; };
		EA4825CD2461B3A80015CBDC /* MainBeerViewController.swift */ = {isa = PBXFileReference; lastKnownFileType = sourcecode.swift; path = MainBeerViewController.swift; sourceTree = "<group>"; };
		EA4825CE2461B3A80015CBDC /* MainBeerInteractor.swift */ = {isa = PBXFileReference; lastKnownFileType = sourcecode.swift; path = MainBeerInteractor.swift; sourceTree = "<group>"; };
		EA4825D82461B4800015CBDC /* BeerDetailPresenter.swift */ = {isa = PBXFileReference; lastKnownFileType = sourcecode.swift; path = BeerDetailPresenter.swift; sourceTree = "<group>"; };
		EA4825D92461B4800015CBDC /* BeerDetailWorker.swift */ = {isa = PBXFileReference; lastKnownFileType = sourcecode.swift; path = BeerDetailWorker.swift; sourceTree = "<group>"; };
		EA4825DA2461B4800015CBDC /* BeerDetailRouter.swift */ = {isa = PBXFileReference; lastKnownFileType = sourcecode.swift; path = BeerDetailRouter.swift; sourceTree = "<group>"; };
		EA4825DB2461B4800015CBDC /* BeerDetailModels.swift */ = {isa = PBXFileReference; lastKnownFileType = sourcecode.swift; path = BeerDetailModels.swift; sourceTree = "<group>"; };
		EA4825DC2461B4800015CBDC /* BeerDetailViewController.swift */ = {isa = PBXFileReference; lastKnownFileType = sourcecode.swift; path = BeerDetailViewController.swift; sourceTree = "<group>"; };
		EA4825DD2461B4800015CBDC /* BeerDetailInteractor.swift */ = {isa = PBXFileReference; lastKnownFileType = sourcecode.swift; path = BeerDetailInteractor.swift; sourceTree = "<group>"; };
		EA4825E72461B5000015CBDC /* BeerTableViewCell.swift */ = {isa = PBXFileReference; lastKnownFileType = sourcecode.swift; path = BeerTableViewCell.swift; sourceTree = "<group>"; };
		EA4825E82461B5000015CBDC /* BeerTableViewCell.xib */ = {isa = PBXFileReference; lastKnownFileType = file.xib; path = BeerTableViewCell.xib; sourceTree = "<group>"; };
		EA6B93CD246334B10021FAA5 /* MainBeerPresenterTests.swift */ = {isa = PBXFileReference; lastKnownFileType = sourcecode.swift; path = MainBeerPresenterTests.swift; sourceTree = "<group>"; };
		EA6B93CF246337C40021FAA5 /* MainBeerViewControllerTests.swift */ = {isa = PBXFileReference; lastKnownFileType = sourcecode.swift; path = MainBeerViewControllerTests.swift; sourceTree = "<group>"; };
		FA925B1BA00607B09139F65C /* Pods_ApiBeerCleanSwift_ApiBeerCleanSwiftTests.framework */ = {isa = PBXFileReference; explicitFileType = wrapper.framework; includeInIndex = 0; path = Pods_ApiBeerCleanSwift_ApiBeerCleanSwiftTests.framework; sourceTree = BUILT_PRODUCTS_DIR; };
/* End PBXFileReference section */

/* Begin PBXFrameworksBuildPhase section */
		EA32402924622F4600FC4F27 /* Frameworks */ = {
			isa = PBXFrameworksBuildPhase;
			buildActionMask = 2147483647;
			files = (
				E3B2C06D1D89680903E29599 /* Pods_ApiBeerCleanSwift_ApiBeerCleanSwiftTests.framework in Frameworks */,
			);
			runOnlyForDeploymentPostprocessing = 0;
		};
		EA4825A92461B1890015CBDC /* Frameworks */ = {
			isa = PBXFrameworksBuildPhase;
			buildActionMask = 2147483647;
			files = (
				77C167044C390B48E2D94F26 /* Pods_ApiBeerCleanSwift.framework in Frameworks */,
				A7F7CB88C051634B4E5C84E3 /* (null) in Frameworks */,
			);
			runOnlyForDeploymentPostprocessing = 0;
		};
/* End PBXFrameworksBuildPhase section */

/* Begin PBXGroup section */
		6E903571DECA8A85D80E186F /* Pods */ = {
			isa = PBXGroup;
			children = (
				6B6499F214C79961073941AB /* Pods-ApiBeerCleanSwift.debug.xcconfig */,
				CAD4B952A109FA1108498AE2 /* Pods-ApiBeerCleanSwift.release.xcconfig */,
				79FA619E27D8D33632572A7A /* Pods-ApiBeerCleanSwift-ApiBeerCleanSwiftTests.debug.xcconfig */,
				1771A0A6DA06CAFC30156B52 /* Pods-ApiBeerCleanSwift-ApiBeerCleanSwiftTests.release.xcconfig */,
			);
			path = Pods;
			sourceTree = "<group>";
		};
		EA32402D24622F4600FC4F27 /* ApiBeerCleanSwiftTests */ = {
			isa = PBXGroup;
			children = (
				EA32402E24622F4600FC4F27 /* ApiBeerCleanSwiftTests.swift */,
				EA6B93CD246334B10021FAA5 /* MainBeerPresenterTests.swift */,
				EA6B93CF246337C40021FAA5 /* MainBeerViewControllerTests.swift */,
				EA32403024622F4600FC4F27 /* Info.plist */,
			);
			path = ApiBeerCleanSwiftTests;
			sourceTree = "<group>";
		};
		EA4825A32461B1890015CBDC = {
			isa = PBXGroup;
			children = (
				EA4825AE2461B1890015CBDC /* ApiBeerCleanSwift */,
				EA32402D24622F4600FC4F27 /* ApiBeerCleanSwiftTests */,
				EA4825AD2461B1890015CBDC /* Products */,
				6E903571DECA8A85D80E186F /* Pods */,
				EE9185ED83E4AC5023929006 /* Frameworks */,
			);
			sourceTree = "<group>";
		};
		EA4825AD2461B1890015CBDC /* Products */ = {
			isa = PBXGroup;
			children = (
				EA4825AC2461B1890015CBDC /* ApiBeerCleanSwift.app */,
				EA32402C24622F4600FC4F27 /* ApiBeerCleanSwiftTests.xctest */,
			);
			name = Products;
			sourceTree = "<group>";
		};
		EA4825AE2461B1890015CBDC /* ApiBeerCleanSwift */ = {
			isa = PBXGroup;
			children = (
				EA4825E42461B4850015CBDC /* BeerDetailScene */,
				EA4825C42461B25B0015CBDC /* Helpers */,
				EA4825D52461B3AF0015CBDC /* MainBeerScene */,
				EA4825D62461B42D0015CBDC /* SuportingFiles */,
				EA4825D72461B4620015CBDC /* Views */,
			);
			path = ApiBeerCleanSwift;
			sourceTree = "<group>";
		};
		EA4825C42461B25B0015CBDC /* Helpers */ = {
			isa = PBXGroup;
			children = (
				EA4825C52461B26E0015CBDC /* Helpers.swift */,
				EA4825C72461B2880015CBDC /* Constants.swift */,
			);
			path = Helpers;
			sourceTree = "<group>";
		};
		EA4825D52461B3AF0015CBDC /* MainBeerScene */ = {
			isa = PBXGroup;
			children = (
				EA4825C92461B3A80015CBDC /* MainBeerPresenter.swift */,
				EA4825CA2461B3A80015CBDC /* MainBeerWorker.swift */,
				EA4825CB2461B3A80015CBDC /* MainBeerRouter.swift */,
				EA4825CC2461B3A80015CBDC /* MainBeerModels.swift */,
				EA4825CD2461B3A80015CBDC /* MainBeerViewController.swift */,
				EA4825CE2461B3A80015CBDC /* MainBeerInteractor.swift */,
			);
			path = MainBeerScene;
			sourceTree = "<group>";
		};
		EA4825D62461B42D0015CBDC /* SuportingFiles */ = {
			isa = PBXGroup;
			children = (
				EA4825AF2461B1890015CBDC /* AppDelegate.swift */,
				EA4825B92461B18C0015CBDC /* Assets.xcassets */,
				EA4825BB2461B18C0015CBDC /* LaunchScreen.storyboard */,
				EA4825BE2461B18C0015CBDC /* Info.plist */,
				EA4825B62461B1890015CBDC /* ApiBeerCleanSwift.xcdatamodeld */,
			);
			path = SuportingFiles;
			sourceTree = "<group>";
		};
		EA4825D72461B4620015CBDC /* Views */ = {
			isa = PBXGroup;
			children = (
				EA4825B32461B1890015CBDC /* Main.storyboard */,
				EA4825E72461B5000015CBDC /* BeerTableViewCell.swift */,
				EA4825E82461B5000015CBDC /* BeerTableViewCell.xib */,
			);
			path = Views;
			sourceTree = "<group>";
		};
		EA4825E42461B4850015CBDC /* BeerDetailScene */ = {
			isa = PBXGroup;
			children = (
				EA4825D82461B4800015CBDC /* BeerDetailPresenter.swift */,
				EA4825D92461B4800015CBDC /* BeerDetailWorker.swift */,
				EA4825DA2461B4800015CBDC /* BeerDetailRouter.swift */,
				EA4825DB2461B4800015CBDC /* BeerDetailModels.swift */,
				EA4825DC2461B4800015CBDC /* BeerDetailViewController.swift */,
				EA4825DD2461B4800015CBDC /* BeerDetailInteractor.swift */,
			);
			path = BeerDetailScene;
			sourceTree = "<group>";
		};
		EE9185ED83E4AC5023929006 /* Frameworks */ = {
			isa = PBXGroup;
			children = (
				CFD1542166FF4A0BE50AC86A /* Pods_ApiBeerCleanSwift.framework */,
				FA925B1BA00607B09139F65C /* Pods_ApiBeerCleanSwift_ApiBeerCleanSwiftTests.framework */,
			);
			name = Frameworks;
			sourceTree = "<group>";
		};
/* End PBXGroup section */

/* Begin PBXHeadersBuildPhase section */
		EA08A0F82462FD93009093BF /* Headers */ = {
			isa = PBXHeadersBuildPhase;
			buildActionMask = 2147483647;
			files = (
			);
			runOnlyForDeploymentPostprocessing = 0;
		};
/* End PBXHeadersBuildPhase section */

/* Begin PBXNativeTarget section */
		EA32402B24622F4600FC4F27 /* ApiBeerCleanSwiftTests */ = {
			isa = PBXNativeTarget;
			buildConfigurationList = EA32403324622F4600FC4F27 /* Build configuration list for PBXNativeTarget "ApiBeerCleanSwiftTests" */;
			buildPhases = (
				343A0841AF1BF85551800955 /* [CP] Check Pods Manifest.lock */,
				EA08A0F82462FD93009093BF /* Headers */,
				EA32402824622F4600FC4F27 /* Sources */,
				EA32402924622F4600FC4F27 /* Frameworks */,
				EA32402A24622F4600FC4F27 /* Resources */,
				EA08A0F62462FD8A009093BF /* CopyFiles */,
				EA08A0F72462FD8D009093BF /* ShellScript */,
				3258742175C0AD5175CDA9A9 /* [CP] Embed Pods Frameworks */,
			);
			buildRules = (
			);
			dependencies = (
				EA32403224622F4600FC4F27 /* PBXTargetDependency */,
			);
			name = ApiBeerCleanSwiftTests;
			productName = ApiBeerCleanSwiftTests;
			productReference = EA32402C24622F4600FC4F27 /* ApiBeerCleanSwiftTests.xctest */;
			productType = "com.apple.product-type.bundle.unit-test";
		};
		EA4825AB2461B1890015CBDC /* ApiBeerCleanSwift */ = {
			isa = PBXNativeTarget;
			buildConfigurationList = EA4825C12461B18C0015CBDC /* Build configuration list for PBXNativeTarget "ApiBeerCleanSwift" */;
			buildPhases = (
				4B9FD68759750D5217CB1EA8 /* [CP] Check Pods Manifest.lock */,
				EA4825A82461B1890015CBDC /* Sources */,
				EA4825A92461B1890015CBDC /* Frameworks */,
				EA4825AA2461B1890015CBDC /* Resources */,
				2B0C48A5F32EFDA59F28F93B /* [CP] Embed Pods Frameworks */,
			);
			buildRules = (
			);
			dependencies = (
			);
			name = ApiBeerCleanSwift;
			productName = ApiBeerCleanSwift;
			productReference = EA4825AC2461B1890015CBDC /* ApiBeerCleanSwift.app */;
			productType = "com.apple.product-type.application";
		};
/* End PBXNativeTarget section */

/* Begin PBXProject section */
		EA4825A42461B1890015CBDC /* Project object */ = {
			isa = PBXProject;
			attributes = {
				LastSwiftUpdateCheck = 1140;
				LastUpgradeCheck = 1020;
				ORGANIZATIONNAME = "André Brilho";
				TargetAttributes = {
					EA32402B24622F4600FC4F27 = {
						CreatedOnToolsVersion = 11.4.1;
						TestTargetID = EA4825AB2461B1890015CBDC;
					};
					EA4825AB2461B1890015CBDC = {
						CreatedOnToolsVersion = 10.2.1;
					};
				};
			};
			buildConfigurationList = EA4825A72461B1890015CBDC /* Build configuration list for PBXProject "ApiBeerCleanSwift" */;
			compatibilityVersion = "Xcode 9.3";
			developmentRegion = en;
			hasScannedForEncodings = 0;
			knownRegions = (
				en,
				Base,
			);
			mainGroup = EA4825A32461B1890015CBDC;
			productRefGroup = EA4825AD2461B1890015CBDC /* Products */;
			projectDirPath = "";
			projectRoot = "";
			targets = (
				EA4825AB2461B1890015CBDC /* ApiBeerCleanSwift */,
				EA32402B24622F4600FC4F27 /* ApiBeerCleanSwiftTests */,
			);
		};
/* End PBXProject section */

/* Begin PBXResourcesBuildPhase section */
		EA32402A24622F4600FC4F27 /* Resources */ = {
			isa = PBXResourcesBuildPhase;
			buildActionMask = 2147483647;
			files = (
			);
			runOnlyForDeploymentPostprocessing = 0;
		};
		EA4825AA2461B1890015CBDC /* Resources */ = {
			isa = PBXResourcesBuildPhase;
			buildActionMask = 2147483647;
			files = (
				EA4825BD2461B18C0015CBDC /* LaunchScreen.storyboard in Resources */,
				EA4825BA2461B18C0015CBDC /* Assets.xcassets in Resources */,
				EA4825B52461B1890015CBDC /* Main.storyboard in Resources */,
				EA4825EA2461B5000015CBDC /* BeerTableViewCell.xib in Resources */,
			);
			runOnlyForDeploymentPostprocessing = 0;
		};
/* End PBXResourcesBuildPhase section */

/* Begin PBXShellScriptBuildPhase section */
		2B0C48A5F32EFDA59F28F93B /* [CP] Embed Pods Frameworks */ = {
			isa = PBXShellScriptBuildPhase;
			buildActionMask = 2147483647;
			files = (
			);
			inputFileListPaths = (
				"${PODS_ROOT}/Target Support Files/Pods-ApiBeerCleanSwift/Pods-ApiBeerCleanSwift-frameworks-${CONFIGURATION}-input-files.xcfilelist",
			);
			name = "[CP] Embed Pods Frameworks";
			outputFileListPaths = (
				"${PODS_ROOT}/Target Support Files/Pods-ApiBeerCleanSwift/Pods-ApiBeerCleanSwift-frameworks-${CONFIGURATION}-output-files.xcfilelist",
			);
			runOnlyForDeploymentPostprocessing = 0;
			shellPath = /bin/sh;
			shellScript = "\"${PODS_ROOT}/Target Support Files/Pods-ApiBeerCleanSwift/Pods-ApiBeerCleanSwift-frameworks.sh\"\n";
			showEnvVarsInLog = 0;
		};
		3258742175C0AD5175CDA9A9 /* [CP] Embed Pods Frameworks */ = {
			isa = PBXShellScriptBuildPhase;
			buildActionMask = 2147483647;
			files = (
			);
			inputFileListPaths = (
				"${PODS_ROOT}/Target Support Files/Pods-ApiBeerCleanSwift-ApiBeerCleanSwiftTests/Pods-ApiBeerCleanSwift-ApiBeerCleanSwiftTests-frameworks-${CONFIGURATION}-input-files.xcfilelist",
			);
			name = "[CP] Embed Pods Frameworks";
			outputFileListPaths = (
				"${PODS_ROOT}/Target Support Files/Pods-ApiBeerCleanSwift-ApiBeerCleanSwiftTests/Pods-ApiBeerCleanSwift-ApiBeerCleanSwiftTests-frameworks-${CONFIGURATION}-output-files.xcfilelist",
			);
			runOnlyForDeploymentPostprocessing = 0;
			shellPath = /bin/sh;
			shellScript = "\"${PODS_ROOT}/Target Support Files/Pods-ApiBeerCleanSwift-ApiBeerCleanSwiftTests/Pods-ApiBeerCleanSwift-ApiBeerCleanSwiftTests-frameworks.sh\"\n";
			showEnvVarsInLog = 0;
		};
		343A0841AF1BF85551800955 /* [CP] Check Pods Manifest.lock */ = {
			isa = PBXShellScriptBuildPhase;
			buildActionMask = 2147483647;
			files = (
			);
			inputFileListPaths = (
			);
			inputPaths = (
				"${PODS_PODFILE_DIR_PATH}/Podfile.lock",
				"${PODS_ROOT}/Manifest.lock",
			);
			name = "[CP] Check Pods Manifest.lock";
			outputFileListPaths = (
			);
			outputPaths = (
				"$(DERIVED_FILE_DIR)/Pods-ApiBeerCleanSwift-ApiBeerCleanSwiftTests-checkManifestLockResult.txt",
			);
			runOnlyForDeploymentPostprocessing = 0;
			shellPath = /bin/sh;
			shellScript = "diff \"${PODS_PODFILE_DIR_PATH}/Podfile.lock\" \"${PODS_ROOT}/Manifest.lock\" > /dev/null\nif [ $? != 0 ] ; then\n    # print error to STDERR\n    echo \"error: The sandbox is not in sync with the Podfile.lock. Run 'pod install' or update your CocoaPods installation.\" >&2\n    exit 1\nfi\n# This output is used by Xcode 'outputs' to avoid re-running this script phase.\necho \"SUCCESS\" > \"${SCRIPT_OUTPUT_FILE_0}\"\n";
			showEnvVarsInLog = 0;
		};
		4B9FD68759750D5217CB1EA8 /* [CP] Check Pods Manifest.lock */ = {
			isa = PBXShellScriptBuildPhase;
			buildActionMask = 2147483647;
			files = (
			);
			inputFileListPaths = (
			);
			inputPaths = (
				"${PODS_PODFILE_DIR_PATH}/Podfile.lock",
				"${PODS_ROOT}/Manifest.lock",
			);
			name = "[CP] Check Pods Manifest.lock";
			outputFileListPaths = (
			);
			outputPaths = (
				"$(DERIVED_FILE_DIR)/Pods-ApiBeerCleanSwift-checkManifestLockResult.txt",
			);
			runOnlyForDeploymentPostprocessing = 0;
			shellPath = /bin/sh;
			shellScript = "diff \"${PODS_PODFILE_DIR_PATH}/Podfile.lock\" \"${PODS_ROOT}/Manifest.lock\" > /dev/null\nif [ $? != 0 ] ; then\n    # print error to STDERR\n    echo \"error: The sandbox is not in sync with the Podfile.lock. Run 'pod install' or update your CocoaPods installation.\" >&2\n    exit 1\nfi\n# This output is used by Xcode 'outputs' to avoid re-running this script phase.\necho \"SUCCESS\" > \"${SCRIPT_OUTPUT_FILE_0}\"\n";
			showEnvVarsInLog = 0;
		};
		EA08A0F72462FD8D009093BF /* ShellScript */ = {
			isa = PBXShellScriptBuildPhase;
			buildActionMask = 2147483647;
			files = (
			);
			inputFileListPaths = (
			);
			inputPaths = (
			);
			outputFileListPaths = (
			);
			outputPaths = (
			);
			runOnlyForDeploymentPostprocessing = 0;
			shellPath = /bin/sh;
			shellScript = "";
		};
/* End PBXShellScriptBuildPhase section */

/* Begin PBXSourcesBuildPhase section */
		EA32402824622F4600FC4F27 /* Sources */ = {
			isa = PBXSourcesBuildPhase;
			buildActionMask = 2147483647;
			files = (
				EA6B93D0246337C40021FAA5 /* MainBeerViewControllerTests.swift in Sources */,
				EA32402F24622F4600FC4F27 /* ApiBeerCleanSwiftTests.swift in Sources */,
				EA6B93CE246334B10021FAA5 /* MainBeerPresenterTests.swift in Sources */,
			);
			runOnlyForDeploymentPostprocessing = 0;
		};
		EA4825A82461B1890015CBDC /* Sources */ = {
			isa = PBXSourcesBuildPhase;
			buildActionMask = 2147483647;
			files = (
				EA4825D42461B3A80015CBDC /* MainBeerInteractor.swift in Sources */,
				EA4825E32461B4800015CBDC /* BeerDetailInteractor.swift in Sources */,
				EA4825D02461B3A80015CBDC /* MainBeerWorker.swift in Sources */,
				EA4825D32461B3A80015CBDC /* MainBeerViewController.swift in Sources */,
				EA4825C82461B2880015CBDC /* Constants.swift in Sources */,
				EA4825DF2461B4800015CBDC /* BeerDetailWorker.swift in Sources */,
				EA4825E02461B4800015CBDC /* BeerDetailRouter.swift in Sources */,
				EA4825B82461B1890015CBDC /* ApiBeerCleanSwift.xcdatamodeld in Sources */,
				EA4825D12461B3A80015CBDC /* MainBeerRouter.swift in Sources */,
				EA4825E12461B4800015CBDC /* BeerDetailModels.swift in Sources */,
				EA4825CF2461B3A80015CBDC /* MainBeerPresenter.swift in Sources */,
				EA4825E22461B4800015CBDC /* BeerDetailViewController.swift in Sources */,
				EA4825B02461B1890015CBDC /* AppDelegate.swift in Sources */,
				EA4825C62461B26E0015CBDC /* Helpers.swift in Sources */,
				EA4825E92461B5000015CBDC /* BeerTableViewCell.swift in Sources */,
				EA4825D22461B3A80015CBDC /* MainBeerModels.swift in Sources */,
				EA4825DE2461B4800015CBDC /* BeerDetailPresenter.swift in Sources */,
			);
			runOnlyForDeploymentPostprocessing = 0;
		};
/* End PBXSourcesBuildPhase section */

/* Begin PBXTargetDependency section */
		EA32403224622F4600FC4F27 /* PBXTargetDependency */ = {
			isa = PBXTargetDependency;
			target = EA4825AB2461B1890015CBDC /* ApiBeerCleanSwift */;
			targetProxy = EA32403124622F4600FC4F27 /* PBXContainerItemProxy */;
		};
/* End PBXTargetDependency section */

/* Begin PBXVariantGroup section */
		EA4825B32461B1890015CBDC /* Main.storyboard */ = {
			isa = PBXVariantGroup;
			children = (
				EA4825B42461B1890015CBDC /* Base */,
			);
			name = Main.storyboard;
			sourceTree = "<group>";
		};
		EA4825BB2461B18C0015CBDC /* LaunchScreen.storyboard */ = {
			isa = PBXVariantGroup;
			children = (
				EA4825BC2461B18C0015CBDC /* Base */,
			);
			name = LaunchScreen.storyboard;
			sourceTree = "<group>";
		};
/* End PBXVariantGroup section */

/* Begin XCBuildConfiguration section */
		EA32403424622F4600FC4F27 /* Debug */ = {
			isa = XCBuildConfiguration;
			baseConfigurationReference = 79FA619E27D8D33632572A7A /* Pods-ApiBeerCleanSwift-ApiBeerCleanSwiftTests.debug.xcconfig */;
			buildSettings = {
				BUNDLE_LOADER = "$(TEST_HOST)";
				CODE_SIGN_STYLE = Automatic;
				INFOPLIST_FILE = ApiBeerCleanSwiftTests/Info.plist;
				IPHONEOS_DEPLOYMENT_TARGET = 13.4;
				LD_RUNPATH_SEARCH_PATHS = (
					"$(inherited)",
					"@executable_path/Frameworks",
					"@loader_path/Frameworks",
				);
				PRODUCT_BUNDLE_IDENTIFIER = br.com.andrebrilho.ApiBeerCleanSwiftTests;
				PRODUCT_NAME = "$(TARGET_NAME)";
				SWIFT_VERSION = 5.0;
				TARGETED_DEVICE_FAMILY = "1,2";
				TEST_HOST = "$(BUILT_PRODUCTS_DIR)/ApiBeerCleanSwift.app/ApiBeerCleanSwift";
			};
			name = Debug;
		};
		EA32403524622F4600FC4F27 /* Release */ = {
			isa = XCBuildConfiguration;
			baseConfigurationReference = 1771A0A6DA06CAFC30156B52 /* Pods-ApiBeerCleanSwift-ApiBeerCleanSwiftTests.release.xcconfig */;
			buildSettings = {
				BUNDLE_LOADER = "$(TEST_HOST)";
				CODE_SIGN_STYLE = Automatic;
				INFOPLIST_FILE = ApiBeerCleanSwiftTests/Info.plist;
				IPHONEOS_DEPLOYMENT_TARGET = 13.4;
				LD_RUNPATH_SEARCH_PATHS = (
					"$(inherited)",
					"@executable_path/Frameworks",
					"@loader_path/Frameworks",
				);
				PRODUCT_BUNDLE_IDENTIFIER = br.com.andrebrilho.ApiBeerCleanSwiftTests;
				PRODUCT_NAME = "$(TARGET_NAME)";
				SWIFT_VERSION = 5.0;
				TARGETED_DEVICE_FAMILY = "1,2";
				TEST_HOST = "$(BUILT_PRODUCTS_DIR)/ApiBeerCleanSwift.app/ApiBeerCleanSwift";
			};
			name = Release;
		};
		EA4825BF2461B18C0015CBDC /* Debug */ = {
			isa = XCBuildConfiguration;
			buildSettings = {
				ALWAYS_SEARCH_USER_PATHS = NO;
				CLANG_ANALYZER_NONNULL = YES;
				CLANG_ANALYZER_NUMBER_OBJECT_CONVERSION = YES_AGGRESSIVE;
				CLANG_CXX_LANGUAGE_STANDARD = "gnu++14";
				CLANG_CXX_LIBRARY = "libc++";
				CLANG_ENABLE_MODULES = YES;
				CLANG_ENABLE_OBJC_ARC = YES;
				CLANG_ENABLE_OBJC_WEAK = YES;
				CLANG_WARN_BLOCK_CAPTURE_AUTORELEASING = YES;
				CLANG_WARN_BOOL_CONVERSION = YES;
				CLANG_WARN_COMMA = YES;
				CLANG_WARN_CONSTANT_CONVERSION = YES;
				CLANG_WARN_DEPRECATED_OBJC_IMPLEMENTATIONS = YES;
				CLANG_WARN_DIRECT_OBJC_ISA_USAGE = YES_ERROR;
				CLANG_WARN_DOCUMENTATION_COMMENTS = YES;
				CLANG_WARN_EMPTY_BODY = YES;
				CLANG_WARN_ENUM_CONVERSION = YES;
				CLANG_WARN_INFINITE_RECURSION = YES;
				CLANG_WARN_INT_CONVERSION = YES;
				CLANG_WARN_NON_LITERAL_NULL_CONVERSION = YES;
				CLANG_WARN_OBJC_IMPLICIT_RETAIN_SELF = YES;
				CLANG_WARN_OBJC_LITERAL_CONVERSION = YES;
				CLANG_WARN_OBJC_ROOT_CLASS = YES_ERROR;
				CLANG_WARN_RANGE_LOOP_ANALYSIS = YES;
				CLANG_WARN_STRICT_PROTOTYPES = YES;
				CLANG_WARN_SUSPICIOUS_MOVE = YES;
				CLANG_WARN_UNGUARDED_AVAILABILITY = YES_AGGRESSIVE;
				CLANG_WARN_UNREACHABLE_CODE = YES;
				CLANG_WARN__DUPLICATE_METHOD_MATCH = YES;
				CODE_SIGN_IDENTITY = "iPhone Developer";
				COPY_PHASE_STRIP = NO;
				DEBUG_INFORMATION_FORMAT = dwarf;
				ENABLE_STRICT_OBJC_MSGSEND = YES;
				ENABLE_TESTABILITY = YES;
				GCC_C_LANGUAGE_STANDARD = gnu11;
				GCC_DYNAMIC_NO_PIC = NO;
				GCC_NO_COMMON_BLOCKS = YES;
				GCC_OPTIMIZATION_LEVEL = 0;
				GCC_PREPROCESSOR_DEFINITIONS = (
					"DEBUG=1",
					"$(inherited)",
				);
				GCC_WARN_64_TO_32_BIT_CONVERSION = YES;
				GCC_WARN_ABOUT_RETURN_TYPE = YES_ERROR;
				GCC_WARN_UNDECLARED_SELECTOR = YES;
				GCC_WARN_UNINITIALIZED_AUTOS = YES_AGGRESSIVE;
				GCC_WARN_UNUSED_FUNCTION = YES;
				GCC_WARN_UNUSED_VARIABLE = YES;
				IPHONEOS_DEPLOYMENT_TARGET = 12.2;
				MTL_ENABLE_DEBUG_INFO = INCLUDE_SOURCE;
				MTL_FAST_MATH = YES;
				ONLY_ACTIVE_ARCH = YES;
				SDKROOT = iphoneos;
				SWIFT_ACTIVE_COMPILATION_CONDITIONS = DEBUG;
				SWIFT_OPTIMIZATION_LEVEL = "-Onone";
			};
			name = Debug;
		};
		EA4825C02461B18C0015CBDC /* Release */ = {
			isa = XCBuildConfiguration;
			buildSettings = {
				ALWAYS_SEARCH_USER_PATHS = NO;
				CLANG_ANALYZER_NONNULL = YES;
				CLANG_ANALYZER_NUMBER_OBJECT_CONVERSION = YES_AGGRESSIVE;
				CLANG_CXX_LANGUAGE_STANDARD = "gnu++14";
				CLANG_CXX_LIBRARY = "libc++";
				CLANG_ENABLE_MODULES = YES;
				CLANG_ENABLE_OBJC_ARC = YES;
				CLANG_ENABLE_OBJC_WEAK = YES;
				CLANG_WARN_BLOCK_CAPTURE_AUTORELEASING = YES;
				CLANG_WARN_BOOL_CONVERSION = YES;
				CLANG_WARN_COMMA = YES;
				CLANG_WARN_CONSTANT_CONVERSION = YES;
				CLANG_WARN_DEPRECATED_OBJC_IMPLEMENTATIONS = YES;
				CLANG_WARN_DIRECT_OBJC_ISA_USAGE = YES_ERROR;
				CLANG_WARN_DOCUMENTATION_COMMENTS = YES;
				CLANG_WARN_EMPTY_BODY = YES;
				CLANG_WARN_ENUM_CONVERSION = YES;
				CLANG_WARN_INFINITE_RECURSION = YES;
				CLANG_WARN_INT_CONVERSION = YES;
				CLANG_WARN_NON_LITERAL_NULL_CONVERSION = YES;
				CLANG_WARN_OBJC_IMPLICIT_RETAIN_SELF = YES;
				CLANG_WARN_OBJC_LITERAL_CONVERSION = YES;
				CLANG_WARN_OBJC_ROOT_CLASS = YES_ERROR;
				CLANG_WARN_RANGE_LOOP_ANALYSIS = YES;
				CLANG_WARN_STRICT_PROTOTYPES = YES;
				CLANG_WARN_SUSPICIOUS_MOVE = YES;
				CLANG_WARN_UNGUARDED_AVAILABILITY = YES_AGGRESSIVE;
				CLANG_WARN_UNREACHABLE_CODE = YES;
				CLANG_WARN__DUPLICATE_METHOD_MATCH = YES;
				CODE_SIGN_IDENTITY = "iPhone Developer";
				COPY_PHASE_STRIP = NO;
				DEBUG_INFORMATION_FORMAT = "dwarf-with-dsym";
				ENABLE_NS_ASSERTIONS = NO;
				ENABLE_STRICT_OBJC_MSGSEND = YES;
				GCC_C_LANGUAGE_STANDARD = gnu11;
				GCC_NO_COMMON_BLOCKS = YES;
				GCC_WARN_64_TO_32_BIT_CONVERSION = YES;
				GCC_WARN_ABOUT_RETURN_TYPE = YES_ERROR;
				GCC_WARN_UNDECLARED_SELECTOR = YES;
				GCC_WARN_UNINITIALIZED_AUTOS = YES_AGGRESSIVE;
				GCC_WARN_UNUSED_FUNCTION = YES;
				GCC_WARN_UNUSED_VARIABLE = YES;
				IPHONEOS_DEPLOYMENT_TARGET = 12.2;
				MTL_ENABLE_DEBUG_INFO = NO;
				MTL_FAST_MATH = YES;
				SDKROOT = iphoneos;
				SWIFT_COMPILATION_MODE = wholemodule;
				SWIFT_OPTIMIZATION_LEVEL = "-O";
				VALIDATE_PRODUCT = YES;
			};
			name = Release;
		};
		EA4825C22461B18C0015CBDC /* Debug */ = {
			isa = XCBuildConfiguration;
			baseConfigurationReference = 6B6499F214C79961073941AB /* Pods-ApiBeerCleanSwift.debug.xcconfig */;
			buildSettings = {
				ASSETCATALOG_COMPILER_APPICON_NAME = AppIcon;
				CODE_SIGN_STYLE = Automatic;
				INFOPLIST_FILE = ApiBeerCleanSwift/SuportingFiles/Info.plist;
				LD_RUNPATH_SEARCH_PATHS = (
					"$(inherited)",
					"@executable_path/Frameworks",
				);
				PRODUCT_BUNDLE_IDENTIFIER = br.com.andrebrilho.ApiBeerCleanSwift;
				PRODUCT_NAME = "$(TARGET_NAME)";
				SWIFT_VERSION = 5.0;
				TARGETED_DEVICE_FAMILY = "1,2";
			};
			name = Debug;
		};
		EA4825C32461B18C0015CBDC /* Release */ = {
			isa = XCBuildConfiguration;
			baseConfigurationReference = CAD4B952A109FA1108498AE2 /* Pods-ApiBeerCleanSwift.release.xcconfig */;
			buildSettings = {
				ASSETCATALOG_COMPILER_APPICON_NAME = AppIcon;
				CODE_SIGN_STYLE = Automatic;
				INFOPLIST_FILE = ApiBeerCleanSwift/SuportingFiles/Info.plist;
				LD_RUNPATH_SEARCH_PATHS = (
					"$(inherited)",
					"@executable_path/Frameworks",
				);
				PRODUCT_BUNDLE_IDENTIFIER = br.com.andrebrilho.ApiBeerCleanSwift;
				PRODUCT_NAME = "$(TARGET_NAME)";
				SWIFT_VERSION = 5.0;
				TARGETED_DEVICE_FAMILY = "1,2";
			};
			name = Release;
		};
/* End XCBuildConfiguration section */

/* Begin XCConfigurationList section */
		EA32403324622F4600FC4F27 /* Build configuration list for PBXNativeTarget "ApiBeerCleanSwiftTests" */ = {
			isa = XCConfigurationList;
			buildConfigurations = (
				EA32403424622F4600FC4F27 /* Debug */,
				EA32403524622F4600FC4F27 /* Release */,
			);
			defaultConfigurationIsVisible = 0;
			defaultConfigurationName = Release;
		};
		EA4825A72461B1890015CBDC /* Build configuration list for PBXProject "ApiBeerCleanSwift" */ = {
			isa = XCConfigurationList;
			buildConfigurations = (
				EA4825BF2461B18C0015CBDC /* Debug */,
				EA4825C02461B18C0015CBDC /* Release */,
			);
			defaultConfigurationIsVisible = 0;
			defaultConfigurationName = Release;
		};
		EA4825C12461B18C0015CBDC /* Build configuration list for PBXNativeTarget "ApiBeerCleanSwift" */ = {
			isa = XCConfigurationList;
			buildConfigurations = (
				EA4825C22461B18C0015CBDC /* Debug */,
				EA4825C32461B18C0015CBDC /* Release */,
			);
			defaultConfigurationIsVisible = 0;
			defaultConfigurationName = Release;
		};
/* End XCConfigurationList section */

/* Begin XCVersionGroup section */
		EA4825B62461B1890015CBDC /* ApiBeerCleanSwift.xcdatamodeld */ = {
			isa = XCVersionGroup;
			children = (
				EA4825B72461B1890015CBDC /* ApiBeerCleanSwift.xcdatamodel */,
			);
			currentVersion = EA4825B72461B1890015CBDC /* ApiBeerCleanSwift.xcdatamodel */;
			path = ApiBeerCleanSwift.xcdatamodeld;
			sourceTree = "<group>";
			versionGroupType = wrapper.xcdatamodel;
		};
/* End XCVersionGroup section */
	};
	rootObject = EA4825A42461B1890015CBDC /* Project object */;
}
